
Microsoft Visual Studio Solution File, Format Version 12.00
# Visual Studio 15
VisualStudioVersion = 15.0.28010.2041
MinimumVisualStudioVersion = 10.0.40219.1
Project("{FAE04EC0-301F-11D3-BF4B-00C04F79EFBC}") = "Fifteen", "Fifteen\Fifteen.csproj", "{08C17FA8-4571-4DAA-86D8-65097ACC5917}"
EndProject
Global
	GlobalSection(SolutionConfigurationPlatforms) = preSolution
		Debug|Any CPU = Debug|Any CPU
		Release|Any CPU = Release|Any CPU
	EndGlobalSection
	GlobalSection(ProjectConfigurationPlatforms) = postSolution
		{08C17FA8-4571-4DAA-86D8-65097ACC5917}.Debug|Any CPU.ActiveCfg = Debug|Any CPU
		{08C17FA8-4571-4DAA-86D8-65097ACC5917}.Debug|Any CPU.Build.0 = Debug|Any CPU
		{08C17FA8-4571-4DAA-86D8-65097ACC5917}.Release|Any CPU.ActiveCfg = Release|Any CPU
		{08C17FA8-4571-4DAA-86D8-65097ACC5917}.Release|Any CPU.Build.0 = Release|Any CPU
	EndGlobalSection
	GlobalSection(SolutionProperties) = preSolution
		HideSolutionNode = FALSE
	EndGlobalSection
	GlobalSection(ExtensibilityGlobals) = postSolution
		SolutionGuid = {E13BE1E5-FAF6-4466-A289-84AD566904C7}
	EndGlobalSection
EndGlobal
